// !$*UTF8*$!
{
	archiveVersion = 1;
	classes = {
	};
	objectVersion = 46;
	objects = {

/* Begin PBXBuildFile section */
		BF5BCA2E1DFA4C890034FC73 /* AppDelegate.swift in Sources */ = {isa = PBXBuildFile; fileRef = BF5BCA2D1DFA4C890034FC73 /* AppDelegate.swift */; };
		BF5BCA301DFA4C890034FC73 /* ViewController.swift in Sources */ = {isa = PBXBuildFile; fileRef = BF5BCA2F1DFA4C890034FC73 /* ViewController.swift */; };
		BF5BCA331DFA4C890034FC73 /* Main.storyboard in Resources */ = {isa = PBXBuildFile; fileRef = BF5BCA311DFA4C890034FC73 /* Main.storyboard */; };
		BF5BCA351DFA4C890034FC73 /* Assets.xcassets in Resources */ = {isa = PBXBuildFile; fileRef = BF5BCA341DFA4C890034FC73 /* Assets.xcassets */; };
		BF5BCA381DFA4C890034FC73 /* LaunchScreen.storyboard in Resources */ = {isa = PBXBuildFile; fileRef = BF5BCA361DFA4C890034FC73 /* LaunchScreen.storyboard */; };
/* End PBXBuildFile section */

/* Begin PBXFileReference section */
		BF5BCA2A1DFA4C890034FC73 /* Youtube Demo.app */ = {isa = PBXFileReference; explicitFileType = wrapper.application; includeInIndex = 0; path = "Youtube Demo.app"; sourceTree = BUILT_PRODUCTS_DIR; };
		BF5BCA2D1DFA4C890034FC73 /* AppDelegate.swift */ = {isa = PBXFileReference; lastKnownFileType = sourcecode.swift; path = AppDelegate.swift; sourceTree = "<group>"; };
		BF5BCA2F1DFA4C890034FC73 /* ViewController.swift */ = {isa = PBXFileReference; lastKnownFileType = sourcecode.swift; path = ViewController.swift; sourceTree = "<group>"; };
		BF5BCA321DFA4C890034FC73 /* Base */ = {isa = PBXFileReference; lastKnownFileType = file.storyboard; name = Base; path = Base.lproj/Main.storyboard; sourceTree = "<group>"; };
		BF5BCA341DFA4C890034FC73 /* Assets.xcassets */ = {isa = PBXFileReference; lastKnownFileType = folder.assetcatalog; path = Assets.xcassets; sourceTree = "<group>"; };
		BF5BCA371DFA4C890034FC73 /* Base */ = {isa = PBXFileReference; lastKnownFileType = file.storyboard; name = Base; path = Base.lproj/LaunchScreen.storyboard; sourceTree = "<group>"; };
		BF5BCA391DFA4C890034FC73 /* Info.plist */ = {isa = PBXFileReference; lastKnownFileType = text.plist.xml; path = Info.plist; sourceTree = "<group>"; };
/* End PBXFileReference section */

/* Begin PBXFrameworksBuildPhase section */
		BF5BCA271DFA4C890034FC73 /* Frameworks */ = {
			isa = PBXFrameworksBuildPhase;
			buildActionMask = 2147483647;
			files = (
			);
			runOnlyForDeploymentPostprocessing = 0;
		};
/* End PBXFrameworksBuildPhase section */

/* Begin PBXGroup section */
		BF5BCA211DFA4C890034FC73 = {
			isa = PBXGroup;
			children = (
				BF5BCA2C1DFA4C890034FC73 /* Youtube Demo */,
				BF5BCA2B1DFA4C890034FC73 /* Products */,
			);
			sourceTree = "<group>";
		};
		BF5BCA2B1DFA4C890034FC73 /* Products */ = {
			isa = PBXGroup;
			children = (
				BF5BCA2A1DFA4C890034FC73 /* Youtube Demo.app */,
			);
			name = Products;
			sourceTree = "<group>";
		};
		BF5BCA2C1DFA4C890034FC73 /* Youtube Demo */ = {
			isa = PBXGroup;
			children = (
				BF5BCA2D1DFA4C890034FC73 /* AppDelegate.swift */,
				BF5BCA2F1DFA4C890034FC73 /* ViewController.swift */,
				BF5BCA311DFA4C890034FC73 /* Main.storyboard */,
				BF5BCA341DFA4C890034FC73 /* Assets.xcassets */,
				BF5BCA361DFA4C890034FC73 /* LaunchScreen.storyboard */,
				BF5BCA391DFA4C890034FC73 /* Info.plist */,
			);
			path = "Youtube Demo";
			sourceTree = "<group>";
		};
/* End PBXGroup section */

/* Begin PBXNativeTarget section */
		BF5BCA291DFA4C890034FC73 /* Youtube Demo */ = {
			isa = PBXNativeTarget;
			buildConfigurationList = BF5BCA3C1DFA4C890034FC73 /* Build configuration list for PBXNativeTarget "Youtube Demo" */;
			buildPhases = (
				BF5BCA261DFA4C890034FC73 /* Sources */,
				BF5BCA271DFA4C890034FC73 /* Frameworks */,
				BF5BCA281DFA4C890034FC73 /* Resources */,
			);
			buildRules = (
			);
			dependencies = (
			);
			name = "Youtube Demo";
			productName = "Youtube Demo";
			productReference = BF5BCA2A1DFA4C890034FC73 /* Youtube Demo.app */;
			productType = "com.apple.product-type.application";
		};
/* End PBXNativeTarget section */

/* Begin PBXProject section */
		BF5BCA221DFA4C890034FC73 /* Project object */ = {
			isa = PBXProject;
			attributes = {
				LastSwiftUpdateCheck = 0820;
				LastUpgradeCheck = 0820;
				ORGANIZATIONNAME = examplecompany;
				TargetAttributes = {
					BF5BCA291DFA4C890034FC73 = {
						CreatedOnToolsVersion = 8.2;
						DevelopmentTeam = W5XRDF4YTY;
						ProvisioningStyle = Automatic;
					};
				};
			};
			buildConfigurationList = BF5BCA251DFA4C890034FC73 /* Build configuration list for PBXProject "Youtube Demo" */;
			compatibilityVersion = "Xcode 3.2";
			developmentRegion = English;
			hasScannedForEncodings = 0;
			knownRegions = (
				en,
				Base,
			);
			mainGroup = BF5BCA211DFA4C890034FC73;
			productRefGroup = BF5BCA2B1DFA4C890034FC73 /* Products */;
			projectDirPath = "";
			projectRoot = "";
			targets = (
				BF5BCA291DFA4C890034FC73 /* Youtube Demo */,
			);
		};
/* End PBXProject section */

/* Begin PBXResourcesBuildPhase section */
		BF5BCA281DFA4C890034FC73 /* Resources */ = {
			isa = PBXResourcesBuildPhase;
			buildActionMask = 2147483647;
			files = (
				BF5BCA381DFA4C890034FC73 /* LaunchScreen.storyboard in Resources */,
				BF5BCA351DFA4C890034FC73 /* Assets.xcassets in Resources */,
				BF5BCA331DFA4C890034FC73 /* Main.storyboard in Resources */,
			);
			runOnlyForDeploymentPostprocessing = 0;
		};
/* End PBXResourcesBuildPhase section */

/* Begin PBXSourcesBuildPhase section */
		BF5BCA261DFA4C890034FC73 /* Sources */ = {
			isa = PBXSourcesBuildPhase;
			buildActionMask = 2147483647;
			files = (
				BF5BCA301DFA4C890034FC73 /* ViewController.swift in Sources */,
				BF5BCA2E1DFA4C890034FC73 /* AppDelegate.swift in Sources */,
			);
			runOnlyForDeploymentPostprocessing = 0;
		};
/* End PBXSourcesBuildPhase section */

/* Begin PBXVariantGroup section */
		BF5BCA311DFA4C890034FC73 /* Main.storyboard */ = {
			isa = PBXVariantGroup;
			children = (
				BF5BCA321DFA4C890034FC73 /* Base */,
			);
			name = Main.storyboard;
			sourceTree = "<group>";
		};
		BF5BCA361DFA4C890034FC73 /* LaunchScreen.storyboard */ = {
			isa = PBXVariantGroup;
			children = (
				BF5BCA371DFA4C890034FC73 /* Base */,
			);
			name = LaunchScreen.storyboard;
			sourceTree = "<group>";
		};
/* End PBXVariantGroup section */

/* Begin XCBuildConfiguration section */
		BF5BCA3A1DFA4C890034FC73 /* Debug */ = {
			isa = XCBuildConfiguration;
			buildSettings = {
				ALWAYS_SEARCH_USER_PATHS = NO;
				CLANG_ANALYZER_NONNULL = YES;
				CLANG_CXX_LANGUAGE_STANDARD = "gnu++0x";
				CLANG_CXX_LIBRARY = "libc++";
				CLANG_ENABLE_MODULES = YES;
				CLANG_ENABLE_OBJC_ARC = YES;
				CLANG_WARN_BOOL_CONVERSION = YES;
				CLANG_WARN_CONSTANT_CONVERSION = YES;
				CLANG_WARN_DIRECT_OBJC_ISA_USAGE = YES_ERROR;
				CLANG_WARN_DOCUMENTATION_COMMENTS = YES;
				CLANG_WARN_EMPTY_BODY = YES;
				CLANG_WARN_ENUM_CONVERSION = YES;
				CLANG_WARN_INFINITE_RECURSION = YES;
				CLANG_WARN_INT_CONVERSION = YES;
				CLANG_WARN_OBJC_ROOT_CLASS = YES_ERROR;
				CLANG_WARN_SUSPICIOUS_MOVE = YES;
				CLANG_WARN_UNREACHABLE_CODE = YES;
				CLANG_WARN__DUPLICATE_METHOD_MATCH = YES;
				"CODE_SIGN_IDENTITY[sdk=iphoneos*]" = "iPhone Developer";
				COPY_PHASE_STRIP = NO;
				DEBUG_INFORMATION_FORMAT = dwarf;
				ENABLE_STRICT_OBJC_MSGSEND = YES;
				ENABLE_TESTABILITY = YES;
				GCC_C_LANGUAGE_STANDARD = gnu99;
				GCC_DYNAMIC_NO_PIC = NO;
				GCC_NO_COMMON_BLOCKS = YES;
				GCC_OPTIMIZATION_LEVEL = 0;
				GCC_PREPROCESSOR_DEFINITIONS = (
					"DEBUG=1",
					"$(inherited)",
				);
				GCC_WARN_64_TO_32_BIT_CONVERSION = YES;
				GCC_WARN_ABOUT_RETURN_TYPE = YES_ERROR;
				GCC_WARN_UNDECLARED_SELECTOR = YES;
				GCC_WARN_UNINITIALIZED_AUTOS = YES_AGGRESSIVE;
				GCC_WARN_UNUSED_FUNCTION = YES;
				GCC_WARN_UNUSED_VARIABLE = YES;
				IPHONEOS_DEPLOYMENT_TARGET = 10.2;
				MTL_ENABLE_DEBUG_INFO = YES;
				ONLY_ACTIVE_ARCH = YES;
				SDKROOT = iphoneos;
				SWIFT_ACTIVE_COMPILATION_CONDITIONS = DEBUG;
				SWIFT_OPTIMIZATION_LEVEL = "-Onone";
				TARGETED_DEVICE_FAMILY = "1,2";
			};
			name = Debug;
		};
		BF5BCA3B1DFA4C890034FC73 /* Release */ = {
			isa = XCBuildConfiguration;
			buildSettings = {
				ALWAYS_SEARCH_USER_PATHS = NO;
				CLANG_ANALYZER_NONNULL = YES;
				CLANG_CXX_LANGUAGE_STANDARD = "gnu++0x";
				CLANG_CXX_LIBRARY = "libc++";
				CLANG_ENABLE_MODULES = YES;
				CLANG_ENABLE_OBJC_ARC = YES;
				CLANG_WARN_BOOL_CONVERSION = YES;
				CLANG_WARN_CONSTANT_CONVERSION = YES;
				CLANG_WARN_DIRECT_OBJC_ISA_USAGE = YES_ERROR;
				CLANG_WARN_DOCUMENTATION_COMMENTS = YES;
				CLANG_WARN_EMPTY_BODY = YES;
				CLANG_WARN_ENUM_CONVERSION = YES;
				CLANG_WARN_INFINITE_RECURSION = YES;
				CLANG_WARN_INT_CONVERSION = YES;
				CLANG_WARN_OBJC_ROOT_CLASS = YES_ERROR;
				CLANG_WARN_SUSPICIOUS_MOVE = YES;
				CLANG_WARN_UNREACHABLE_CODE = YES;
				CLANG_WARN__DUPLICATE_METHOD_MATCH = YES;
				"CODE_SIGN_IDENTITY[sdk=iphoneos*]" = "iPhone Developer";
				COPY_PHASE_STRIP = NO;
				DEBUG_INFORMATION_FORMAT = "dwarf-with-dsym";
				ENABLE_NS_ASSERTIONS = NO;
				ENABLE_STRICT_OBJC_MSGSEND = YES;
				GCC_C_LANGUAGE_STANDARD = gnu99;
				GCC_NO_COMMON_BLOCKS = YES;
				GCC_WARN_64_TO_32_BIT_CONVERSION = YES;
				GCC_WARN_ABOUT_RETURN_TYPE = YES_ERROR;
				GCC_WARN_UNDECLARED_SELECTOR = YES;
				GCC_WARN_UNINITIALIZED_AUTOS = YES_AGGRESSIVE;
				GCC_WARN_UNUSED_FUNCTION = YES;
				GCC_WARN_UNUSED_VARIABLE = YES;
				IPHONEOS_DEPLOYMENT_TARGET = 10.2;
				MTL_ENABLE_DEBUG_INFO = NO;
				SDKROOT = iphoneos;
				SWIFT_OPTIMIZATION_LEVEL = "-Owholemodule";
				TARGETED_DEVICE_FAMILY = "1,2";
				VALIDATE_PRODUCT = YES;
			};
			name = Release;
		};
		BF5BCA3D1DFA4C890034FC73 /* Debug */ = {
			isa = XCBuildConfiguration;
			buildSettings = {
				ASSETCATALOG_COMPILER_APPICON_NAME = AppIcon;
				DEVELOPMENT_TEAM = W5XRDF4YTY;
				INFOPLIST_FILE = "Youtube Demo/Info.plist";
				LD_RUNPATH_SEARCH_PATHS = "$(inherited) @executable_path/Frameworks";
				PRODUCT_BUNDLE_IDENTIFIER = "com.examplecompany.Youtube-Demo";
				PRODUCT_NAME = "$(TARGET_NAME)";
				SWIFT_VERSION = 3.0;
			};
			name = Debug;
		};
		BF5BCA3E1DFA4C890034FC73 /* Release */ = {
			isa = XCBuildConfiguration;
			buildSettings = {
				ASSETCATALOG_COMPILER_APPICON_NAME = AppIcon;
				DEVELOPMENT_TEAM = W5XRDF4YTY;
				INFOPLIST_FILE = "Youtube Demo/Info.plist";
				LD_RUNPATH_SEARCH_PATHS = "$(inherited) @executable_path/Frameworks";
				PRODUCT_BUNDLE_IDENTIFIER = "com.examplecompany.Youtube-Demo";
				PRODUCT_NAME = "$(TARGET_NAME)";
				SWIFT_VERSION = 3.0;
			};
			name = Release;
		};
/* End XCBuildConfiguration section */

/* Begin XCConfigurationList section */
		BF5BCA251DFA4C890034FC73 /* Build configuration list for PBXProject "Youtube Demo" */ = {
			isa = XCConfigurationList;
			buildConfigurations = (
				BF5BCA3A1DFA4C890034FC73 /* Debug */,
				BF5BCA3B1DFA4C890034FC73 /* Release */,
			);
			defaultConfigurationIsVisible = 0;
			defaultConfigurationName = Release;
		};
		BF5BCA3C1DFA4C890034FC73 /* Build configuration list for PBXNativeTarget "Youtube Demo" */ = {
			isa = XCConfigurationList;
			buildConfigurations = (
				BF5BCA3D1DFA4C890034FC73 /* Debug */,
				BF5BCA3E1DFA4C890034FC73 /* Release */,
			);
			defaultConfigurationIsVisible = 0;
		};
/* End XCConfigurationList section */
	};
	rootObject = BF5BCA221DFA4C890034FC73 /* Project object */;
}
